github.com/YshShiori/cmder v0.0.0 h1:9282eUbV5n6FMv+3A0E+r4AUz/pD//cXKF53E8SUP3A=
github.com/YshShiori/cmder v0.0.0/go.mod h1:9/6Fkqeh+TJ8wpRBd3OPKZCZ8eVKkXaRa/lNUxClPpU=
github.com/YshShiori/simplecmder v0.0.0 h1:9282eUbV5n6FMv+3A0E+r4AUz/pD//cXKF53E8SUP3A=
github.com/YshShiori/simplecmder v0.0.0/go.mod h1:9/6Fkqeh+TJ8wpRBd3OPKZCZ8eVKkXaRa/lNUxClPpU=
wx-gitlab.xunlei.cn/go-agent/kit v0.1.1 h1:zztUFoiAvHVW6xz1Ooy0yw6OR0/N+nEud6ggx2s+o+I=
